
Microsoft Visual Studio Solution File, Format Version 12.00
# Visual Studio Version 16
VisualStudioVersion = 16.0.29424.173
MinimumVisualStudioVersion = 10.0.40219.1
Project("{FAE04EC0-301F-11D3-BF4B-00C04F79EFBC}") = "WPF", "KnihovnaIS\WPF.csproj", "{FC2C150A-4457-435B-BE21-FE73CEA248B5}"
EndProject
Project("{FAE04EC0-301F-11D3-BF4B-00C04F79EFBC}") = "DataLayer", "DataLayer\DataLayer.csproj", "{FDC15C1E-1FD7-4040-8F9B-88751C4E758C}"
EndProject
Project("{FAE04EC0-301F-11D3-BF4B-00C04F79EFBC}") = "DomainLayer", "DomainLayer\DomainLayer.csproj", "{5E01F676-75A5-4B6F-BA7B-A44C5DC73BA6}"
EndProject
Global
	GlobalSection(SolutionConfigurationPlatforms) = preSolution
		Debug|Any CPU = Debug|Any CPU
		Release|Any CPU = Release|Any CPU
	EndGlobalSection
	GlobalSection(ProjectConfigurationPlatforms) = postSolution
		{FC2C150A-4457-435B-BE21-FE73CEA248B5}.Debug|Any CPU.ActiveCfg = Debug|Any CPU
		{FC2C150A-4457-435B-BE21-FE73CEA248B5}.Debug|Any CPU.Build.0 = Debug|Any CPU
		{FC2C150A-4457-435B-BE21-FE73CEA248B5}.Release|Any CPU.ActiveCfg = Release|Any CPU
		{FC2C150A-4457-435B-BE21-FE73CEA248B5}.Release|Any CPU.Build.0 = Release|Any CPU
		{FDC15C1E-1FD7-4040-8F9B-88751C4E758C}.Debug|Any CPU.ActiveCfg = Debug|Any CPU
		{FDC15C1E-1FD7-4040-8F9B-88751C4E758C}.Debug|Any CPU.Build.0 = Debug|Any CPU
		{FDC15C1E-1FD7-4040-8F9B-88751C4E758C}.Release|Any CPU.ActiveCfg = Release|Any CPU
		{FDC15C1E-1FD7-4040-8F9B-88751C4E758C}.Release|Any CPU.Build.0 = Release|Any CPU
		{5E01F676-75A5-4B6F-BA7B-A44C5DC73BA6}.Debug|Any CPU.ActiveCfg = Debug|Any CPU
		{5E01F676-75A5-4B6F-BA7B-A44C5DC73BA6}.Debug|Any CPU.Build.0 = Debug|Any CPU
		{5E01F676-75A5-4B6F-BA7B-A44C5DC73BA6}.Release|Any CPU.ActiveCfg = Release|Any CPU
		{5E01F676-75A5-4B6F-BA7B-A44C5DC73BA6}.Release|Any CPU.Build.0 = Release|Any CPU
	EndGlobalSection
	GlobalSection(SolutionProperties) = preSolution
		HideSolutionNode = FALSE
	EndGlobalSection
	GlobalSection(ExtensibilityGlobals) = postSolution
		SolutionGuid = {7192F213-F897-4F83-B6E3-EFCECD5479C8}
	EndGlobalSection
EndGlobal
